
Microsoft Visual Studio Solution File, Format Version 12.00
# Visual Studio Version 16
VisualStudioVersion = 16.0.31613.86
MinimumVisualStudioVersion = 10.0.40219.1
Project("{8BC9CEB8-8B4A-11D0-8D11-00A0C91BC942}") = "Quan-Li-Thu-Vien", "Quan-Li-Thu-Vien\Quan-Li-Thu-Vien.vcxproj", "{3E91D243-0364-4235-BBD6-755021DA8EC3}"
EndProject
Global
	GlobalSection(SolutionConfigurationPlatforms) = preSolution
		Debug|x64 = Debug|x64
		Debug|x86 = Debug|x86
		Release|x64 = Release|x64
		Release|x86 = Release|x86
	EndGlobalSection
	GlobalSection(ProjectConfigurationPlatforms) = postSolution
		{3E91D243-0364-4235-BBD6-755021DA8EC3}.Debug|x64.ActiveCfg = Debug|x64
		{3E91D243-0364-4235-BBD6-755021DA8EC3}.Debug|x64.Build.0 = Debug|x64
		{3E91D243-0364-4235-BBD6-755021DA8EC3}.Debug|x86.ActiveCfg = Debug|Win32
		{3E91D243-0364-4235-BBD6-755021DA8EC3}.Debug|x86.Build.0 = Debug|Win32
		{3E91D243-0364-4235-BBD6-755021DA8EC3}.Release|x64.ActiveCfg = Release|x64
		{3E91D243-0364-4235-BBD6-755021DA8EC3}.Release|x64.Build.0 = Release|x64
		{3E91D243-0364-4235-BBD6-755021DA8EC3}.Release|x86.ActiveCfg = Release|Win32
		{3E91D243-0364-4235-BBD6-755021DA8EC3}.Release|x86.Build.0 = Release|Win32
	EndGlobalSection
	GlobalSection(SolutionProperties) = preSolution
		HideSolutionNode = FALSE
	EndGlobalSection
	GlobalSection(ExtensibilityGlobals) = postSolution
		SolutionGuid = {CF9177FC-5A1D-46B9-AB01-CC33D2250A3A}
	EndGlobalSection
EndGlobal
